
Microsoft Visual Studio Solution File, Format Version 12.00
# Visual Studio Version 16
VisualStudioVersion = 16.0.29503.13
MinimumVisualStudioVersion = 10.0.40219.1
Project("{2150E333-8FDC-42A3-9474-1A3956D46DE8}") = "Foundation", "Foundation", "{C3F57797-2D54-4626-B842-51F30272E972}"
EndProject
Project("{2150E333-8FDC-42A3-9474-1A3956D46DE8}") = "Serialization", "Serialization", "{41AC9AD8-3D81-4C55-9330-B9CA9DFD8554}"
EndProject
Project("{FAE04EC0-301F-11D3-BF4B-00C04F79EFBC}") = "Helixbase.Foundation.Serialization", "src\Foundation\Serialization\website\Helixbase.Foundation.Serialization.csproj", "{4238D5C5-AFD2-4DF5-BF3D-ADB9D46ADC08}"
EndProject
Project("{2150E333-8FDC-42A3-9474-1A3956D46DE8}") = "Feature", "Feature", "{60DA3F20-DEED-4580-AE38-A296D76ADE79}"
EndProject
Project("{2150E333-8FDC-42A3-9474-1A3956D46DE8}") = "Project", "Project", "{A7FC0385-84B6-4FB4-92DD-7372A45444F7}"
EndProject
Project("{2150E333-8FDC-42A3-9474-1A3956D46DE8}") = "Configuration", "Configuration", "{48A68BF7-0608-4AA9-9F36-809E2731150A}"
	ProjectSection(SolutionItems) = preProject
		.gitattributes = .gitattributes
		.gitignore = .gitignore
		NuGet.config = NuGet.config
		README.md = README.md
		deploy\User Preferences for SXA.package = deploy\User Preferences for SXA.package
		deploy\User Settings.package = deploy\User Settings.package
	EndProjectSection
EndProject
Project("{2150E333-8FDC-42A3-9474-1A3956D46DE8}") = "Common", "Common", "{27F11553-4B8F-4B6D-8B81-37DDE6046F31}"
EndProject
Project("{FAE04EC0-301F-11D3-BF4B-00C04F79EFBC}") = "Helixbase.Project.Common", "src\Project\Common\website\Helixbase.Project.Common.csproj", "{6F8C583B-E667-4DEB-A603-77932C7803B0}"
EndProject
Project("{2150E333-8FDC-42A3-9474-1A3956D46DE8}") = "Helixbase", "Helixbase", "{160DA988-084C-41E4-B714-00E127957ED0}"
EndProject
Project("{FAE04EC0-301F-11D3-BF4B-00C04F79EFBC}") = "Helixbase.Project.Helixbase", "src\Project\Helixbase\website\Helixbase.Project.Helixbase.csproj", "{BE27848D-2FF5-42DF-9324-667D66D47E30}"
EndProject
Project("{2150E333-8FDC-42A3-9474-1A3956D46DE8}") = "DI", "DI", "{0ACE73B5-5F04-4603-BC37-63706BEF40AB}"
EndProject
Project("{FAE04EC0-301F-11D3-BF4B-00C04F79EFBC}") = "Helixbase.Foundation.DI", "src\Foundation\DI\website\Helixbase.Foundation.DI.csproj", "{0D3A6F11-B5FF-4D8C-8A74-19501D2E80D4}"
EndProject
Project("{2150E333-8FDC-42A3-9474-1A3956D46DE8}") = "Core", "Core", "{3B0CF2FF-3D0D-415C-8453-9C4F8A9BA4B7}"
EndProject
Project("{FAE04EC0-301F-11D3-BF4B-00C04F79EFBC}") = "Helixbase.Foundation.Core", "src\Foundation\Core\website\Helixbase.Foundation.Core.csproj", "{0C1E2FEC-AC54-4CF0-905A-890D3BF711D5}"
EndProject
Project("{2150E333-8FDC-42A3-9474-1A3956D46DE8}") = "Logging", "Logging", "{0E67BAB2-5BB6-415A-B719-79B72194584C}"
EndProject
Project("{FAE04EC0-301F-11D3-BF4B-00C04F79EFBC}") = "Helixbase.Foundation.Logging", "src\Foundation\Logging\website\Helixbase.Foundation.Logging.csproj", "{9B72C426-123C-4782-BEF8-0D52E5F2A396}"
EndProject
Project("{2150E333-8FDC-42A3-9474-1A3956D46DE8}") = "Website", "Website", "{0CDDE7FA-204E-4BA1-9478-6EBD43385213}"
EndProject
Project("{FAE04EC0-301F-11D3-BF4B-00C04F79EFBC}") = "Helixbase.Website", "src\Website\website\Helixbase.Website.csproj", "{2BECC48F-FAD8-4475-974D-E9C233EF1CDB}"
EndProject
Project("{2150E333-8FDC-42A3-9474-1A3956D46DE8}") = "UserSettings", "UserSettings", "{63C08778-0314-4367-BBA1-C3E1C87C0C09}"
EndProject
Project("{FAE04EC0-301F-11D3-BF4B-00C04F79EFBC}") = "Foundation.UserSettings", "src\Foundation\UserSettings\website\Foundation.UserSettings.csproj", "{C32F92D7-6FB8-49DC-B43D-2DA952394E00}"
EndProject
Project("{FAE04EC0-301F-11D3-BF4B-00C04F79EFBC}") = "Foundation.UserSettings.ModelGenerator", "src\Foundation\UserSettings\console\Foundation.UserSettings.ModelGenerator\Foundation.UserSettings.ModelGenerator.csproj", "{91B2ED26-8FBB-4746-93E2-801FA08F8191}"
EndProject
Project("{2150E333-8FDC-42A3-9474-1A3956D46DE8}") = "Preference", "Preference", "{5B08CAF0-C845-4121-A726-577B915A74B8}"
EndProject
Project("{FAE04EC0-301F-11D3-BF4B-00C04F79EFBC}") = "Feature.Preference", "src\Feature\Preference\website\Feature.Preference.csproj", "{49E02276-6F2D-40BF-8613-59F9DDF3E6A9}"
EndProject
Global
	GlobalSection(SolutionConfigurationPlatforms) = preSolution
		always|Any CPU = always|Any CPU
		always|x64 = always|x64
		ci|Any CPU = ci|Any CPU
		ci|x64 = ci|x64
		Debug|Any CPU = Debug|Any CPU
		Debug|x64 = Debug|x64
		Release|Any CPU = Release|Any CPU
		Release|x64 = Release|x64
	EndGlobalSection
	GlobalSection(ProjectConfigurationPlatforms) = postSolution
		{4238D5C5-AFD2-4DF5-BF3D-ADB9D46ADC08}.always|Any CPU.ActiveCfg = Release|Any CPU
		{4238D5C5-AFD2-4DF5-BF3D-ADB9D46ADC08}.always|Any CPU.Build.0 = Release|Any CPU
		{4238D5C5-AFD2-4DF5-BF3D-ADB9D46ADC08}.always|x64.ActiveCfg = Release|Any CPU
		{4238D5C5-AFD2-4DF5-BF3D-ADB9D46ADC08}.always|x64.Build.0 = Release|Any CPU
		{4238D5C5-AFD2-4DF5-BF3D-ADB9D46ADC08}.ci|Any CPU.ActiveCfg = Release|Any CPU
		{4238D5C5-AFD2-4DF5-BF3D-ADB9D46ADC08}.ci|Any CPU.Build.0 = Release|Any CPU
		{4238D5C5-AFD2-4DF5-BF3D-ADB9D46ADC08}.ci|x64.ActiveCfg = Release|Any CPU
		{4238D5C5-AFD2-4DF5-BF3D-ADB9D46ADC08}.ci|x64.Build.0 = Release|Any CPU
		{4238D5C5-AFD2-4DF5-BF3D-ADB9D46ADC08}.Debug|Any CPU.ActiveCfg = Debug|Any CPU
		{4238D5C5-AFD2-4DF5-BF3D-ADB9D46ADC08}.Debug|Any CPU.Build.0 = Debug|Any CPU
		{4238D5C5-AFD2-4DF5-BF3D-ADB9D46ADC08}.Debug|x64.ActiveCfg = Debug|Any CPU
		{4238D5C5-AFD2-4DF5-BF3D-ADB9D46ADC08}.Debug|x64.Build.0 = Debug|Any CPU
		{4238D5C5-AFD2-4DF5-BF3D-ADB9D46ADC08}.Release|Any CPU.ActiveCfg = Release|Any CPU
		{4238D5C5-AFD2-4DF5-BF3D-ADB9D46ADC08}.Release|Any CPU.Build.0 = Release|Any CPU
		{4238D5C5-AFD2-4DF5-BF3D-ADB9D46ADC08}.Release|x64.ActiveCfg = Release|Any CPU
		{4238D5C5-AFD2-4DF5-BF3D-ADB9D46ADC08}.Release|x64.Build.0 = Release|Any CPU
		{6F8C583B-E667-4DEB-A603-77932C7803B0}.always|Any CPU.ActiveCfg = Release|Any CPU
		{6F8C583B-E667-4DEB-A603-77932C7803B0}.always|Any CPU.Build.0 = Release|Any CPU
		{6F8C583B-E667-4DEB-A603-77932C7803B0}.always|x64.ActiveCfg = Release|Any CPU
		{6F8C583B-E667-4DEB-A603-77932C7803B0}.always|x64.Build.0 = Release|Any CPU
		{6F8C583B-E667-4DEB-A603-77932C7803B0}.ci|Any CPU.ActiveCfg = Release|Any CPU
		{6F8C583B-E667-4DEB-A603-77932C7803B0}.ci|Any CPU.Build.0 = Release|Any CPU
		{6F8C583B-E667-4DEB-A603-77932C7803B0}.ci|x64.ActiveCfg = Release|Any CPU
		{6F8C583B-E667-4DEB-A603-77932C7803B0}.ci|x64.Build.0 = Release|Any CPU
		{6F8C583B-E667-4DEB-A603-77932C7803B0}.Debug|Any CPU.ActiveCfg = Debug|Any CPU
		{6F8C583B-E667-4DEB-A603-77932C7803B0}.Debug|Any CPU.Build.0 = Debug|Any CPU
		{6F8C583B-E667-4DEB-A603-77932C7803B0}.Debug|x64.ActiveCfg = Debug|Any CPU
		{6F8C583B-E667-4DEB-A603-77932C7803B0}.Debug|x64.Build.0 = Debug|Any CPU
		{6F8C583B-E667-4DEB-A603-77932C7803B0}.Release|Any CPU.ActiveCfg = Release|Any CPU
		{6F8C583B-E667-4DEB-A603-77932C7803B0}.Release|Any CPU.Build.0 = Release|Any CPU
		{6F8C583B-E667-4DEB-A603-77932C7803B0}.Release|x64.ActiveCfg = Release|Any CPU
		{6F8C583B-E667-4DEB-A603-77932C7803B0}.Release|x64.Build.0 = Release|Any CPU
		{BE27848D-2FF5-42DF-9324-667D66D47E30}.always|Any CPU.ActiveCfg = Release|Any CPU
		{BE27848D-2FF5-42DF-9324-667D66D47E30}.always|Any CPU.Build.0 = Release|Any CPU
		{BE27848D-2FF5-42DF-9324-667D66D47E30}.always|x64.ActiveCfg = Release|Any CPU
		{BE27848D-2FF5-42DF-9324-667D66D47E30}.always|x64.Build.0 = Release|Any CPU
		{BE27848D-2FF5-42DF-9324-667D66D47E30}.ci|Any CPU.ActiveCfg = Release|Any CPU
		{BE27848D-2FF5-42DF-9324-667D66D47E30}.ci|Any CPU.Build.0 = Release|Any CPU
		{BE27848D-2FF5-42DF-9324-667D66D47E30}.ci|x64.ActiveCfg = Release|Any CPU
		{BE27848D-2FF5-42DF-9324-667D66D47E30}.ci|x64.Build.0 = Release|Any CPU
		{BE27848D-2FF5-42DF-9324-667D66D47E30}.Debug|Any CPU.ActiveCfg = Debug|Any CPU
		{BE27848D-2FF5-42DF-9324-667D66D47E30}.Debug|Any CPU.Build.0 = Debug|Any CPU
		{BE27848D-2FF5-42DF-9324-667D66D47E30}.Debug|x64.ActiveCfg = Debug|Any CPU
		{BE27848D-2FF5-42DF-9324-667D66D47E30}.Debug|x64.Build.0 = Debug|Any CPU
		{BE27848D-2FF5-42DF-9324-667D66D47E30}.Release|Any CPU.ActiveCfg = Release|Any CPU
		{BE27848D-2FF5-42DF-9324-667D66D47E30}.Release|Any CPU.Build.0 = Release|Any CPU
		{BE27848D-2FF5-42DF-9324-667D66D47E30}.Release|x64.ActiveCfg = Release|Any CPU
		{BE27848D-2FF5-42DF-9324-667D66D47E30}.Release|x64.Build.0 = Release|Any CPU
		{0D3A6F11-B5FF-4D8C-8A74-19501D2E80D4}.always|Any CPU.ActiveCfg = Release|Any CPU
		{0D3A6F11-B5FF-4D8C-8A74-19501D2E80D4}.always|Any CPU.Build.0 = Release|Any CPU
		{0D3A6F11-B5FF-4D8C-8A74-19501D2E80D4}.always|x64.ActiveCfg = Release|Any CPU
		{0D3A6F11-B5FF-4D8C-8A74-19501D2E80D4}.always|x64.Build.0 = Release|Any CPU
		{0D3A6F11-B5FF-4D8C-8A74-19501D2E80D4}.ci|Any CPU.ActiveCfg = Release|Any CPU
		{0D3A6F11-B5FF-4D8C-8A74-19501D2E80D4}.ci|Any CPU.Build.0 = Release|Any CPU
		{0D3A6F11-B5FF-4D8C-8A74-19501D2E80D4}.ci|x64.ActiveCfg = Release|Any CPU
		{0D3A6F11-B5FF-4D8C-8A74-19501D2E80D4}.ci|x64.Build.0 = Release|Any CPU
		{0D3A6F11-B5FF-4D8C-8A74-19501D2E80D4}.Debug|Any CPU.ActiveCfg = Debug|Any CPU
		{0D3A6F11-B5FF-4D8C-8A74-19501D2E80D4}.Debug|Any CPU.Build.0 = Debug|Any CPU
		{0D3A6F11-B5FF-4D8C-8A74-19501D2E80D4}.Debug|x64.ActiveCfg = Debug|Any CPU
		{0D3A6F11-B5FF-4D8C-8A74-19501D2E80D4}.Debug|x64.Build.0 = Debug|Any CPU
		{0D3A6F11-B5FF-4D8C-8A74-19501D2E80D4}.Release|Any CPU.ActiveCfg = Release|Any CPU
		{0D3A6F11-B5FF-4D8C-8A74-19501D2E80D4}.Release|Any CPU.Build.0 = Release|Any CPU
		{0D3A6F11-B5FF-4D8C-8A74-19501D2E80D4}.Release|x64.ActiveCfg = Release|Any CPU
		{0D3A6F11-B5FF-4D8C-8A74-19501D2E80D4}.Release|x64.Build.0 = Release|Any CPU
		{0C1E2FEC-AC54-4CF0-905A-890D3BF711D5}.always|Any CPU.ActiveCfg = Release|Any CPU
		{0C1E2FEC-AC54-4CF0-905A-890D3BF711D5}.always|Any CPU.Build.0 = Release|Any CPU
		{0C1E2FEC-AC54-4CF0-905A-890D3BF711D5}.always|x64.ActiveCfg = Release|Any CPU
		{0C1E2FEC-AC54-4CF0-905A-890D3BF711D5}.always|x64.Build.0 = Release|Any CPU
		{0C1E2FEC-AC54-4CF0-905A-890D3BF711D5}.ci|Any CPU.ActiveCfg = Release|Any CPU
		{0C1E2FEC-AC54-4CF0-905A-890D3BF711D5}.ci|Any CPU.Build.0 = Release|Any CPU
		{0C1E2FEC-AC54-4CF0-905A-890D3BF711D5}.ci|x64.ActiveCfg = Release|Any CPU
		{0C1E2FEC-AC54-4CF0-905A-890D3BF711D5}.ci|x64.Build.0 = Release|Any CPU
		{0C1E2FEC-AC54-4CF0-905A-890D3BF711D5}.Debug|Any CPU.ActiveCfg = Debug|Any CPU
		{0C1E2FEC-AC54-4CF0-905A-890D3BF711D5}.Debug|Any CPU.Build.0 = Debug|Any CPU
		{0C1E2FEC-AC54-4CF0-905A-890D3BF711D5}.Debug|x64.ActiveCfg = Debug|Any CPU
		{0C1E2FEC-AC54-4CF0-905A-890D3BF711D5}.Debug|x64.Build.0 = Debug|Any CPU
		{0C1E2FEC-AC54-4CF0-905A-890D3BF711D5}.Release|Any CPU.ActiveCfg = Release|Any CPU
		{0C1E2FEC-AC54-4CF0-905A-890D3BF711D5}.Release|Any CPU.Build.0 = Release|Any CPU
		{0C1E2FEC-AC54-4CF0-905A-890D3BF711D5}.Release|x64.ActiveCfg = Release|Any CPU
		{0C1E2FEC-AC54-4CF0-905A-890D3BF711D5}.Release|x64.Build.0 = Release|Any CPU
		{9B72C426-123C-4782-BEF8-0D52E5F2A396}.always|Any CPU.ActiveCfg = Release|Any CPU
		{9B72C426-123C-4782-BEF8-0D52E5F2A396}.always|Any CPU.Build.0 = Release|Any CPU
		{9B72C426-123C-4782-BEF8-0D52E5F2A396}.always|x64.ActiveCfg = Release|Any CPU
		{9B72C426-123C-4782-BEF8-0D52E5F2A396}.always|x64.Build.0 = Release|Any CPU
		{9B72C426-123C-4782-BEF8-0D52E5F2A396}.ci|Any CPU.ActiveCfg = Release|Any CPU
		{9B72C426-123C-4782-BEF8-0D52E5F2A396}.ci|Any CPU.Build.0 = Release|Any CPU
		{9B72C426-123C-4782-BEF8-0D52E5F2A396}.ci|x64.ActiveCfg = Release|Any CPU
		{9B72C426-123C-4782-BEF8-0D52E5F2A396}.ci|x64.Build.0 = Release|Any CPU
		{9B72C426-123C-4782-BEF8-0D52E5F2A396}.Debug|Any CPU.ActiveCfg = Debug|Any CPU
		{9B72C426-123C-4782-BEF8-0D52E5F2A396}.Debug|Any CPU.Build.0 = Debug|Any CPU
		{9B72C426-123C-4782-BEF8-0D52E5F2A396}.Debug|x64.ActiveCfg = Debug|Any CPU
		{9B72C426-123C-4782-BEF8-0D52E5F2A396}.Debug|x64.Build.0 = Debug|Any CPU
		{9B72C426-123C-4782-BEF8-0D52E5F2A396}.Release|Any CPU.ActiveCfg = Release|Any CPU
		{9B72C426-123C-4782-BEF8-0D52E5F2A396}.Release|Any CPU.Build.0 = Release|Any CPU
		{9B72C426-123C-4782-BEF8-0D52E5F2A396}.Release|x64.ActiveCfg = Release|Any CPU
		{9B72C426-123C-4782-BEF8-0D52E5F2A396}.Release|x64.Build.0 = Release|Any CPU
		{2BECC48F-FAD8-4475-974D-E9C233EF1CDB}.always|Any CPU.ActiveCfg = Release|Any CPU
		{2BECC48F-FAD8-4475-974D-E9C233EF1CDB}.always|Any CPU.Build.0 = Release|Any CPU
		{2BECC48F-FAD8-4475-974D-E9C233EF1CDB}.always|x64.ActiveCfg = Release|Any CPU
		{2BECC48F-FAD8-4475-974D-E9C233EF1CDB}.always|x64.Build.0 = Release|Any CPU
		{2BECC48F-FAD8-4475-974D-E9C233EF1CDB}.ci|Any CPU.ActiveCfg = Release|Any CPU
		{2BECC48F-FAD8-4475-974D-E9C233EF1CDB}.ci|Any CPU.Build.0 = Release|Any CPU
		{2BECC48F-FAD8-4475-974D-E9C233EF1CDB}.ci|x64.ActiveCfg = Release|Any CPU
		{2BECC48F-FAD8-4475-974D-E9C233EF1CDB}.ci|x64.Build.0 = Release|Any CPU
		{2BECC48F-FAD8-4475-974D-E9C233EF1CDB}.Debug|Any CPU.ActiveCfg = Debug|Any CPU
		{2BECC48F-FAD8-4475-974D-E9C233EF1CDB}.Debug|Any CPU.Build.0 = Debug|Any CPU
		{2BECC48F-FAD8-4475-974D-E9C233EF1CDB}.Debug|x64.ActiveCfg = Debug|Any CPU
		{2BECC48F-FAD8-4475-974D-E9C233EF1CDB}.Debug|x64.Build.0 = Debug|Any CPU
		{2BECC48F-FAD8-4475-974D-E9C233EF1CDB}.Release|Any CPU.ActiveCfg = Release|Any CPU
		{2BECC48F-FAD8-4475-974D-E9C233EF1CDB}.Release|Any CPU.Build.0 = Release|Any CPU
		{2BECC48F-FAD8-4475-974D-E9C233EF1CDB}.Release|x64.ActiveCfg = Release|Any CPU
		{2BECC48F-FAD8-4475-974D-E9C233EF1CDB}.Release|x64.Build.0 = Release|Any CPU
		{C32F92D7-6FB8-49DC-B43D-2DA952394E00}.always|Any CPU.ActiveCfg = always|Any CPU
		{C32F92D7-6FB8-49DC-B43D-2DA952394E00}.always|Any CPU.Build.0 = always|Any CPU
		{C32F92D7-6FB8-49DC-B43D-2DA952394E00}.always|x64.ActiveCfg = always|x64
		{C32F92D7-6FB8-49DC-B43D-2DA952394E00}.always|x64.Build.0 = always|x64
		{C32F92D7-6FB8-49DC-B43D-2DA952394E00}.ci|Any CPU.ActiveCfg = ci|Any CPU
		{C32F92D7-6FB8-49DC-B43D-2DA952394E00}.ci|Any CPU.Build.0 = ci|Any CPU
		{C32F92D7-6FB8-49DC-B43D-2DA952394E00}.ci|x64.ActiveCfg = ci|x64
		{C32F92D7-6FB8-49DC-B43D-2DA952394E00}.ci|x64.Build.0 = ci|x64
		{C32F92D7-6FB8-49DC-B43D-2DA952394E00}.Debug|Any CPU.ActiveCfg = Debug|Any CPU
		{C32F92D7-6FB8-49DC-B43D-2DA952394E00}.Debug|Any CPU.Build.0 = Debug|Any CPU
		{C32F92D7-6FB8-49DC-B43D-2DA952394E00}.Debug|x64.ActiveCfg = Debug|x64
		{C32F92D7-6FB8-49DC-B43D-2DA952394E00}.Debug|x64.Build.0 = Debug|x64
		{C32F92D7-6FB8-49DC-B43D-2DA952394E00}.Release|Any CPU.ActiveCfg = Release|Any CPU
		{C32F92D7-6FB8-49DC-B43D-2DA952394E00}.Release|Any CPU.Build.0 = Release|Any CPU
		{C32F92D7-6FB8-49DC-B43D-2DA952394E00}.Release|x64.ActiveCfg = Release|x64
		{C32F92D7-6FB8-49DC-B43D-2DA952394E00}.Release|x64.Build.0 = Release|x64
		{91B2ED26-8FBB-4746-93E2-801FA08F8191}.always|Any CPU.ActiveCfg = Release|Any CPU
		{91B2ED26-8FBB-4746-93E2-801FA08F8191}.always|Any CPU.Build.0 = Release|Any CPU
		{91B2ED26-8FBB-4746-93E2-801FA08F8191}.always|x64.ActiveCfg = Release|Any CPU
		{91B2ED26-8FBB-4746-93E2-801FA08F8191}.always|x64.Build.0 = Release|Any CPU
		{91B2ED26-8FBB-4746-93E2-801FA08F8191}.ci|Any CPU.ActiveCfg = Release|Any CPU
		{91B2ED26-8FBB-4746-93E2-801FA08F8191}.ci|Any CPU.Build.0 = Release|Any CPU
		{91B2ED26-8FBB-4746-93E2-801FA08F8191}.ci|x64.ActiveCfg = Release|Any CPU
		{91B2ED26-8FBB-4746-93E2-801FA08F8191}.ci|x64.Build.0 = Release|Any CPU
		{91B2ED26-8FBB-4746-93E2-801FA08F8191}.Debug|Any CPU.ActiveCfg = Debug|Any CPU
		{91B2ED26-8FBB-4746-93E2-801FA08F8191}.Debug|Any CPU.Build.0 = Debug|Any CPU
		{91B2ED26-8FBB-4746-93E2-801FA08F8191}.Debug|x64.ActiveCfg = Debug|Any CPU
		{91B2ED26-8FBB-4746-93E2-801FA08F8191}.Debug|x64.Build.0 = Debug|Any CPU
		{91B2ED26-8FBB-4746-93E2-801FA08F8191}.Release|Any CPU.ActiveCfg = Release|Any CPU
		{91B2ED26-8FBB-4746-93E2-801FA08F8191}.Release|Any CPU.Build.0 = Release|Any CPU
		{91B2ED26-8FBB-4746-93E2-801FA08F8191}.Release|x64.ActiveCfg = Release|Any CPU
		{91B2ED26-8FBB-4746-93E2-801FA08F8191}.Release|x64.Build.0 = Release|Any CPU
		{49E02276-6F2D-40BF-8613-59F9DDF3E6A9}.always|Any CPU.ActiveCfg = Release|Any CPU
		{49E02276-6F2D-40BF-8613-59F9DDF3E6A9}.always|Any CPU.Build.0 = Release|Any CPU
		{49E02276-6F2D-40BF-8613-59F9DDF3E6A9}.always|x64.ActiveCfg = Release|Any CPU
		{49E02276-6F2D-40BF-8613-59F9DDF3E6A9}.always|x64.Build.0 = Release|Any CPU
		{49E02276-6F2D-40BF-8613-59F9DDF3E6A9}.ci|Any CPU.ActiveCfg = Release|Any CPU
		{49E02276-6F2D-40BF-8613-59F9DDF3E6A9}.ci|Any CPU.Build.0 = Release|Any CPU
		{49E02276-6F2D-40BF-8613-59F9DDF3E6A9}.ci|x64.ActiveCfg = Release|Any CPU
		{49E02276-6F2D-40BF-8613-59F9DDF3E6A9}.ci|x64.Build.0 = Release|Any CPU
		{49E02276-6F2D-40BF-8613-59F9DDF3E6A9}.Debug|Any CPU.ActiveCfg = Debug|Any CPU
		{49E02276-6F2D-40BF-8613-59F9DDF3E6A9}.Debug|Any CPU.Build.0 = Debug|Any CPU
		{49E02276-6F2D-40BF-8613-59F9DDF3E6A9}.Debug|x64.ActiveCfg = Debug|Any CPU
		{49E02276-6F2D-40BF-8613-59F9DDF3E6A9}.Debug|x64.Build.0 = Debug|Any CPU
		{49E02276-6F2D-40BF-8613-59F9DDF3E6A9}.Release|Any CPU.ActiveCfg = Release|Any CPU
		{49E02276-6F2D-40BF-8613-59F9DDF3E6A9}.Release|Any CPU.Build.0 = Release|Any CPU
		{49E02276-6F2D-40BF-8613-59F9DDF3E6A9}.Release|x64.ActiveCfg = Release|Any CPU
		{49E02276-6F2D-40BF-8613-59F9DDF3E6A9}.Release|x64.Build.0 = Release|Any CPU
	EndGlobalSection
	GlobalSection(SolutionProperties) = preSolution
		HideSolutionNode = FALSE
	EndGlobalSection
	GlobalSection(NestedProjects) = preSolution
		{41AC9AD8-3D81-4C55-9330-B9CA9DFD8554} = {C3F57797-2D54-4626-B842-51F30272E972}
		{4238D5C5-AFD2-4DF5-BF3D-ADB9D46ADC08} = {41AC9AD8-3D81-4C55-9330-B9CA9DFD8554}
		{27F11553-4B8F-4B6D-8B81-37DDE6046F31} = {A7FC0385-84B6-4FB4-92DD-7372A45444F7}
		{6F8C583B-E667-4DEB-A603-77932C7803B0} = {27F11553-4B8F-4B6D-8B81-37DDE6046F31}
		{160DA988-084C-41E4-B714-00E127957ED0} = {A7FC0385-84B6-4FB4-92DD-7372A45444F7}
		{BE27848D-2FF5-42DF-9324-667D66D47E30} = {160DA988-084C-41E4-B714-00E127957ED0}
		{0ACE73B5-5F04-4603-BC37-63706BEF40AB} = {C3F57797-2D54-4626-B842-51F30272E972}
		{0D3A6F11-B5FF-4D8C-8A74-19501D2E80D4} = {0ACE73B5-5F04-4603-BC37-63706BEF40AB}
		{3B0CF2FF-3D0D-415C-8453-9C4F8A9BA4B7} = {C3F57797-2D54-4626-B842-51F30272E972}
		{0C1E2FEC-AC54-4CF0-905A-890D3BF711D5} = {3B0CF2FF-3D0D-415C-8453-9C4F8A9BA4B7}
		{0E67BAB2-5BB6-415A-B719-79B72194584C} = {C3F57797-2D54-4626-B842-51F30272E972}
		{9B72C426-123C-4782-BEF8-0D52E5F2A396} = {0E67BAB2-5BB6-415A-B719-79B72194584C}
		{2BECC48F-FAD8-4475-974D-E9C233EF1CDB} = {0CDDE7FA-204E-4BA1-9478-6EBD43385213}
		{63C08778-0314-4367-BBA1-C3E1C87C0C09} = {C3F57797-2D54-4626-B842-51F30272E972}
		{C32F92D7-6FB8-49DC-B43D-2DA952394E00} = {63C08778-0314-4367-BBA1-C3E1C87C0C09}
		{91B2ED26-8FBB-4746-93E2-801FA08F8191} = {63C08778-0314-4367-BBA1-C3E1C87C0C09}
		{5B08CAF0-C845-4121-A726-577B915A74B8} = {60DA3F20-DEED-4580-AE38-A296D76ADE79}
		{49E02276-6F2D-40BF-8613-59F9DDF3E6A9} = {5B08CAF0-C845-4121-A726-577B915A74B8}
	EndGlobalSection
	GlobalSection(ExtensibilityGlobals) = postSolution
		SolutionGuid = {845F548C-FD53-4C61-AB7F-953C2225A13B}
	EndGlobalSection
EndGlobal
